
Microsoft Visual Studio Solution File, Format Version 12.00
# Visual Studio 15
VisualStudioVersion = 15.0.28010.2041
MinimumVisualStudioVersion = 10.0.40219.1
Project("{FAE04EC0-301F-11D3-BF4B-00C04F79EFBC}") = "DZ", "DZ\DZ.csproj", "{95C83EA1-5554-4F5D-9496-B71771C8BC0E}"
EndProject
Global
	GlobalSection(SolutionConfigurationPlatforms) = preSolution
		Debug|Any CPU = Debug|Any CPU
		Release|Any CPU = Release|Any CPU
	EndGlobalSection
	GlobalSection(ProjectConfigurationPlatforms) = postSolution
		{95C83EA1-5554-4F5D-9496-B71771C8BC0E}.Debug|Any CPU.ActiveCfg = Debug|Any CPU
		{95C83EA1-5554-4F5D-9496-B71771C8BC0E}.Debug|Any CPU.Build.0 = Debug|Any CPU
		{95C83EA1-5554-4F5D-9496-B71771C8BC0E}.Release|Any CPU.ActiveCfg = Release|Any CPU
		{95C83EA1-5554-4F5D-9496-B71771C8BC0E}.Release|Any CPU.Build.0 = Release|Any CPU
	EndGlobalSection
	GlobalSection(SolutionProperties) = preSolution
		HideSolutionNode = FALSE
	EndGlobalSection
	GlobalSection(ExtensibilityGlobals) = postSolution
		SolutionGuid = {23EBBA26-0E62-45B5-83C5-BAE986A7B7DF}
	EndGlobalSection
EndGlobal
